<?xml version="1.0" encoding="utf-8"?>
<Project ToolsVersion="4.0" xmlns="http://schemas.microsoft.com/developer/msbuild/2003">
  <ItemGroup>
    <Filter Include="Source Files">
      <UniqueIdentifier>{4FC737F1-C7A5-4376-A066-2A32D752A2FF}</UniqueIdentifier>
      <Extensions>cpp;c;cc;cxx;def;odl;idl;hpj;bat;asm;asmx</Extensions>
    </Filter>
    <Filter Include="Header Files">
      <UniqueIdentifier>{93995380-89BD-4b04-88EB-625FBE52EBFB}</UniqueIdentifier>
      <Extensions>h;hh;hpp;hxx;hm;inl;inc;xsd</Extensions>
    </Filter>
    <Filter Include="Resource Files">
      <UniqueIdentifier>{67DA6AB6-F800-4c08-8B7A-83BB121AAD01}</UniqueIdentifier>
      <Extensions>rc;ico;cur;bmp;dlg;rc2;rct;bin;rgs;gif;jpg;jpeg;jpe;resx;tiff;tif;png;wav;mfcribbon-ms</Extensions>
    </Filter>
  </ItemGroup>
  <ItemGroup>
    <ClCompile Include="src\main.cpp">
      <Filter>Source Files</Filter>
    </ClCompile>
    <ClCompile Include="src\BB\Game.cpp">
      <Filter>Source Files</Filter>
    </ClCompile>
    <ClCompile Include="src\BB\Handler\WindowHandler.cpp">
      <Filter>Source Files</Filter>
    </ClCompile>
    <ClCompile Include="src\BB\GameState\GameStateInit.cpp">
      <Filter>Source Files</Filter>
    </ClCompile>
    <ClCompile Include="src\BB\Component\GraphicsComponent.cpp">
      <Filter>Source Files</Filter>
    </ClCompile>
    <ClCompile Include="src\BB\Handler\GraphicsHandler.cpp">
      <Filter>Source Files</Filter>
    </ClCompile>
    <ClCompile Include="src\BB\Handler\ResourceHandler.cpp">
      <Filter>Source Files</Filter>
    </ClCompile>
    <ClCompile Include="src\BB\Handler\AudioHandler.cpp">
      <Filter>Source Files</Filter>
    </ClCompile>
    <ClCompile Include="src\BB\Handler\LogHandler.cpp">
      <Filter>Source Files</Filter>
    </ClCompile>
    <ClCompile Include="src\BB\GameState\GameStateSplash.cpp">
      <Filter>Source Files</Filter>
    </ClCompile>
    <ClCompile Include="src\BB\GameState\GameStateTitle.cpp">
      <Filter>Source Files</Filter>
    </ClCompile>
    <ClCompile Include="src\BB\GameState\GameStateGame.cpp">
      <Filter>Source Files</Filter>
    </ClCompile>
    <ClCompile Include="src\BB\World\Field.cpp">
      <Filter>Source Files</Filter>
    </ClCompile>
    <ClCompile Include="src\BB\World\Entity.cpp">
      <Filter>Source Files</Filter>
    </ClCompile>
    <ClCompile Include="src\BB\Component\PlayerComponent.cpp">
      <Filter>Source Files</Filter>
    </ClCompile>
    <ClCompile Include="src\BB\Component\MovementComponent.cpp">
      <Filter>Source Files</Filter>
    </ClCompile>
    <ClCompile Include="src\BB\World\World.cpp">
      <Filter>Source Files</Filter>
    </ClCompile>
    <ClCompile Include="src\BB\Handler\PhysicsHandler.cpp">
      <Filter>Source Files</Filter>
    </ClCompile>
  </ItemGroup>
  <ItemGroup>
    <None Include="README.md" />
    <None Include=".gitignore" />
    <None Include="assets\data\resource.lua" />
  </ItemGroup>
  <ItemGroup>
    <ClInclude Include="include\BB\Game.h">
      <Filter>Header Files</Filter>
    </ClInclude>
    <ClInclude Include="include\BB\GameState\IGameState.h">
      <Filter>Header Files</Filter>
    </ClInclude>
    <ClInclude Include="include\BB\Handler\WindowHandler.h">
      <Filter>Header Files</Filter>
    </ClInclude>
    <ClInclude Include="include\BB\GameState\GameStateInit.h">
      <Filter>Header Files</Filter>
    </ClInclude>
    <ClInclude Include="include\BB\Handler\GraphicsHandler.h">
      <Filter>Header Files</Filter>
    </ClInclude>
    <ClInclude Include="include\BB\Component\IComponent.h">
      <Filter>Header Files</Filter>
    </ClInclude>
    <ClInclude Include="include\BB\Component\GraphicsComponent.h">
      <Filter>Header Files</Filter>
    </ClInclude>
    <ClInclude Include="include\BB\Handler\ResourceHandler.h">
      <Filter>Header Files</Filter>
    </ClInclude>
    <ClInclude Include="include\BB\Handler\AudioHandler.h">
      <Filter>Header Files</Filter>
    </ClInclude>
    <ClInclude Include="include\BB\Handler\LogHandler.h">
      <Filter>Header Files</Filter>
    </ClInclude>
    <ClInclude Include="include\BB\GameState\GameStateSplash.h">
      <Filter>Header Files</Filter>
    </ClInclude>
    <ClInclude Include="include\BB\GameState\GameStateTitle.h">
      <Filter>Header Files</Filter>
    </ClInclude>
    <ClInclude Include="include\BB\GameState\GameStateGame.h">
      <Filter>Header Files</Filter>
    </ClInclude>
    <ClInclude Include="include\BB\World\Field.h">
      <Filter>Header Files</Filter>
    </ClInclude>
    <ClInclude Include="include\BB\World\Entity.h">
      <Filter>Header Files</Filter>
    </ClInclude>
    <ClInclude Include="include\BB\Component\PlayerComponent.h">
      <Filter>Header Files</Filter>
    </ClInclude>
    <ClInclude Include="include\BB\Component\MovementComponent.h">
      <Filter>Header Files</Filter>
    </ClInclude>
    <ClInclude Include="include\BB\World\World.h">
      <Filter>Header Files</Filter>
    </ClInclude>
    <ClInclude Include="include\BB\Handler\PhysicsHandler.h">
      <Filter>Header Files</Filter>
    </ClInclude>
  </ItemGroup>
  <ItemGroup>
    <Image Include="assets\textures\test.png">
      <Filter>Resource Files</Filter>
    </Image>
    <Image Include="assets\textures\test1.png">
      <Filter>Resource Files</Filter>
    </Image>
    <Image Include="assets\textures\test2.png">
      <Filter>Resource Files</Filter>
    </Image>
    <Image Include="assets\textures\test3.png">
      <Filter>Resource Files</Filter>
    </Image>
  </ItemGroup>
</Project>